
Microsoft Visual Studio Solution File, Format Version 12.00
# Visual Studio Version 17
VisualStudioVersion = 17.12.35527.113
MinimumVisualStudioVersion = 10.0.40219.1
Project("{FAE04EC0-301F-11D3-BF4B-00C04F79EFBC}") = "AmbaSimpleClass", "AmbaSimpleClass\AmbaSimpleClass.csproj", "{E3A6D511-22C3-4B73-9B17-788617B2DE03}"
EndProject
Project("{FAE04EC0-301F-11D3-BF4B-00C04F79EFBC}") = "AmbaConsoleApp", "AmbaConsoleApp\AmbaConsoleApp.csproj", "{CA5BF7AE-BFEC-47BB-9278-B1BD4BFBC38D}"
EndProject
Project("{2150E333-8FDC-42A3-9474-1A3956D46DE8}") = "Solution Items", "Solution Items", "{EC990C26-2FD7-4D6C-9B82-5DD4EB4EDB4F}"
	ProjectSection(SolutionItems) = preProject
		appsettings.json = appsettings.json
		build.bat = build.bat
	EndProjectSection
EndProject
Project("{FAE04EC0-301F-11D3-BF4B-00C04F79EFBC}") = "AmbaWpfApp", "AmbaWpfApp\AmbaWpfApp.csproj", "{A3B0B269-B922-492B-AC2C-6D6D47330B51}"
EndProject
Global
	GlobalSection(SolutionConfigurationPlatforms) = preSolution
		Debug|Any CPU = Debug|Any CPU
		Release|Any CPU = Release|Any CPU
	EndGlobalSection
	GlobalSection(ProjectConfigurationPlatforms) = postSolution
		{E3A6D511-22C3-4B73-9B17-788617B2DE03}.Debug|Any CPU.ActiveCfg = Debug|Any CPU
		{E3A6D511-22C3-4B73-9B17-788617B2DE03}.Debug|Any CPU.Build.0 = Debug|Any CPU
		{E3A6D511-22C3-4B73-9B17-788617B2DE03}.Release|Any CPU.ActiveCfg = Release|Any CPU
		{E3A6D511-22C3-4B73-9B17-788617B2DE03}.Release|Any CPU.Build.0 = Release|Any CPU
		{CA5BF7AE-BFEC-47BB-9278-B1BD4BFBC38D}.Debug|Any CPU.ActiveCfg = Debug|Any CPU
		{CA5BF7AE-BFEC-47BB-9278-B1BD4BFBC38D}.Debug|Any CPU.Build.0 = Debug|Any CPU
		{CA5BF7AE-BFEC-47BB-9278-B1BD4BFBC38D}.Release|Any CPU.ActiveCfg = Release|Any CPU
		{CA5BF7AE-BFEC-47BB-9278-B1BD4BFBC38D}.Release|Any CPU.Build.0 = Release|Any CPU
		{A3B0B269-B922-492B-AC2C-6D6D47330B51}.Debug|Any CPU.ActiveCfg = Debug|Any CPU
		{A3B0B269-B922-492B-AC2C-6D6D47330B51}.Debug|Any CPU.Build.0 = Debug|Any CPU
		{A3B0B269-B922-492B-AC2C-6D6D47330B51}.Release|Any CPU.ActiveCfg = Release|Any CPU
		{A3B0B269-B922-492B-AC2C-6D6D47330B51}.Release|Any CPU.Build.0 = Release|Any CPU
	EndGlobalSection
	GlobalSection(SolutionProperties) = preSolution
		HideSolutionNode = FALSE
	EndGlobalSection
EndGlobal
